
Microsoft Visual Studio Solution File, Format Version 12.00
# Visual Studio 2017
Project("{FAE04EC0-301F-11D3-BF4B-00C04F79EFBC}") = "TopDown2DShooter.Editor", "TopDown2DShooter.Editor.csproj", "{9EAA95E6-6F89-DCEE-4DFC-030FA6F019BE}"
EndProject
Project("{FAE04EC0-301F-11D3-BF4B-00C04F79EFBC}") = "TopDown2DShooter.Editor", "TopDown2DShooter.Editor.csproj", "{9EAA95E6-6F89-DCEE-4DFC-030FA6F019BE}"
EndProject
Global
	GlobalSection(SolutionConfigurationPlatforms) = preSolution
		Debug|Any CPU = Debug|Any CPU
		Release|Any CPU = Release|Any CPU
	EndGlobalSection
	GlobalSection(ProjectConfigurationPlatforms) = postSolution
		{9EAA95E6-6F89-DCEE-4DFC-030FA6F019BE}.Debug|Any CPU.ActiveCfg = Debug|Any CPU
		{9EAA95E6-6F89-DCEE-4DFC-030FA6F019BE}.Debug|Any CPU.Build.0 = Debug|Any CPU
		{9EAA95E6-6F89-DCEE-4DFC-030FA6F019BE}.Release|Any CPU.ActiveCfg = Release|Any CPU
		{9EAA95E6-6F89-DCEE-4DFC-030FA6F019BE}.Release|Any CPU.Build.0 = Release|Any CPU
		{9EAA95E6-6F89-DCEE-4DFC-030FA6F019BE}.Debug|Any CPU.ActiveCfg = Debug|Any CPU
		{9EAA95E6-6F89-DCEE-4DFC-030FA6F019BE}.Debug|Any CPU.Build.0 = Debug|Any CPU
		{9EAA95E6-6F89-DCEE-4DFC-030FA6F019BE}.Release|Any CPU.ActiveCfg = Release|Any CPU
		{9EAA95E6-6F89-DCEE-4DFC-030FA6F019BE}.Release|Any CPU.Build.0 = Release|Any CPU
	EndGlobalSection
	GlobalSection(SolutionProperties) = preSolution
		HideSolutionNode = FALSE
	EndGlobalSection
EndGlobal
